# This file is automatically @generated by Poetry and should not be edited manually.
[[package]]
name = "anyio"
version = "4.9.0"
description = "High level compatibility layer for multiple asynchronous event loops"
category = "main"
optional = false
python-versions = ">=3.8"
files = [
    {file = "anyio-4.9.0-py3-none-any.whl", hash = "sha256:d8c67f53a4e4024c0428d0111559810842735748a27797745778a488c9fef9aa"},
    {file = "anyio-4.9.0.tar.gz", hash = "sha256:32665a6d59e355c7a4059d615c8c6c97b8303f268b3504443916949021c17290"},
]

[package.dependencies]
idna = ">=2.8"
sniffio = ">=1.1"
typing-extensions = {version = ">=4.5", python = ">=3.12"}

[package.extras]
trio = ["trio (>=0.22,!=0.25.0.post1)"]

[[package]]
name = "beautifulsoup4"
version = "4.13.4"
description = "Screen-scraping library"
category = "main"
optional = false
python-versions = ">=3.7"
files = [
    {file = "beautifulsoup4-4.13.4-py3-none-any.whl", hash = "sha256:1270d44e39ff84242687071efc565d7e5d8a8e104118a28bc035e5898858e920"},
    {file = "beautifulsoup4-4.13.4.tar.gz", hash = "sha256:479374092243d54c1f6c4667d4f3b11e2f397f287a9d3a778b408892120e2e9c"},
]

[package.dependencies]
soupsieve = ">=2.0"

[[package]]
name = "build"
version = "1.2.2.post1"
description = "A simple, correct PEP 517 build frontend"
category = "main"
optional = false
python-versions = ">=3.8"
files = [
    {file = "build-1.2.2.post1-py3-none-any.whl", hash = "sha256:0d9d437439369971932c02ac162e08e33282245b7367e91d84f23b24f5a2f5f1"},
    {file = "build-1.2.2.post1.tar.gz", hash = "sha256:59cc6edca4b96791d2932a3d0f00f075d9e5bd6f32e65d8364e569201a403d15"},
]

[package.dependencies]
colorama = {version = "*", markers = "platform_system == 'Windows'"}
packaging = ">=21.3"
pyproject-hooks = ">=1.0.0"

[[package]]
name = "certifi"
version = "2025.6.15"
description = "Python package for providing Mozilla's CA Bundle."
category = "main"
optional = false
python-versions = ">=3.7"
files = [
    {file = "certifi-2025.6.15-py3-none-any.whl", hash = "sha256:5e662762cc7e6e5894101ccb2f63f5339f257d0792efc6f37622d1c5d9a5b51c"},
    {file = "certifi-2025.6.15.tar.gz", hash = "sha256:739679e5f73d4c38210350486b72ab9d7221319200f6ed9344158428615b3c37"},
]

[[package]]
name = "cffi"
version = "1.17.1"
description = "Foreign Function Interface for Python calling C code."
category = "main"
optional = false
python-versions = ">=3.7"
files = [
    {file = "cffi-1.17.1-cp311-cp311-win_amd64.whl", hash = "sha256:da4c58f00d235c59f0f952f4477c44422e11a129ef6639c043e743779261a293"},
    {file = "cffi-1.17.1.tar.gz", hash = "sha256:49c0067c29367201e712a1f13b5d2b77a06674a2f260341777d13f99e2f9d33b"},
]

[package.dependencies]
pycparser = ">=2.16"

[[package]]
name = "charset-normalizer"
version = "3.4.2"
description = "The Real First Universal Charset Detector. Open, modern and actively maintained alternative to Chardet."
category = "main"
optional = false
python-versions = ">=3.8"
files = [
    {file = "charset_normalizer-3.4.2-cp311-cp311-win_amd64.whl", hash = "sha256:88939c063ee764834e356891ed1893c8340798e3b1c1e54e4f7380e07173b9e5"},
    {file = "charset_normalizer-3.4.2.tar.gz", hash = "sha256:456c6a7a72382c5896ff0f81d11394c502b545d2e096fc713d317585bf27693d"},
]

[[package]]
name = "click"
version = "8.2.1"
description = "Composable command line interface toolkit"
category = "main"
optional = false
python-versions = ">=3.8"
files = [
    {file = "click-8.2.1-py3-none-any.whl", hash = "sha256:f722361661d765b2f279f06dd1a591e1f75508a8e3292437340e4f2e7188b0a9"},
    {file = "click-8.2.1.tar.gz", hash = "sha256:1904e53e41c463f282422c53b21855a9094042453c9f280e2277ec81240c9462"},
]

[package.dependencies]
colorama = {version = "*", markers = "platform_system == 'Windows'"}

[[package]]
name = "colorama"
version = "0.4.6"
description = "Cross-platform colored terminal text."
category = "main"
optional = false
python-versions = ">=3.7"
files = [
    {file = "colorama-0.4.6-py2.py3-none-any.whl", hash = "sha256:9242555a6d3f5726a117b3852e9de2b5f0d3b6647ad2f269417834571060dce5"},
    {file = "colorama-0.4.6.tar.gz", hash = "sha256:4f3b4611d2170327781163462f4e05b5523a24683526085a676c8e3100657e2d"},
]

[[package]]
name = "cryptography"
version = "45.0.4"
description = "cryptography is a package which provides cryptographic recipes and primitives."
category = "main"
optional = false
python-versions = ">=3.9"
files = [
    {file = "cryptography-45.0.4-cp311-cp311-win_amd64.whl", hash = "sha256:5424748de74850c950d876a3804be8515c1064299b50e335b1285098ffb19b60"},
    {file = "cryptography-45.0.4.tar.gz", hash = "sha256:8832a897e93f773641b089c8a945d8b2e31d33198083a21683411b055964f40f"},
]

[package.dependencies]
cffi = ">=1.13"

[[package]]
name = "defusedxml"
version = "0.7.1"
description = "XML bomb protection for Python stdlib modules"
category = "main"
optional = false
python-versions = ">=3.6"
files = [
    {file = "defusedxml-0.7.1-py2.py3-none-any.whl", hash = "sha256:33e61414e369d76c6c73243169382f6f41e57c8651817478d10ba8e7f4c56852"},
    {file = "defusedxml-0.7.1.tar.gz", hash = "sha256:21b06c24395e8659102b5e2840004900a359b3defusedx-22e72f10b8aa754407ba"},
]

[[package]]
name = "duckduckgo-search"
version = "8.0.4"
description = "Search for words, documents, images, videos, news, maps and text translation using the DuckDuckGo.com search engine."
category = "main"
optional = false
python-versions = ">=3.8"
files = [
    {file = "duckduckgo_search-8.0.4-py3-none-any.whl", hash = "sha256:a4ed5e6488d92976ed8a956d6a2a0d01fcf61f365dfd1a1081525c3459c3a633"},
    {file = "duckduckgo_search-8.0.4.tar.gz", hash = "sha256:0d53c6d59580a65191e3e57f12e8b2b64b1d6f1c4e712a7a40b8a09f8992c906"},
]

[package.dependencies]
click = ">=8"
httpx = ">=0.27.0"
lxml = ">=4.9.4"
primp = ">=0.14"

[[package]]
name = "google-api-core"
version = "2.25.1"
description = "Google API client core library"
category = "main"
optional = false
python-versions = ">=3.8"
files = [
    {file = "google_api_core-2.25.1-py3-none-any.whl", hash = "sha256:0cd1e699b646c2d11311026027a42167d4a66e6c2712953257c7d45763a8d9b1"},
    {file = "google_api_core-2.25.1.tar.gz", hash = "sha256:9118741369527e7d69d4d80a15320ce13426742512140a793a8d4624b51a0279"},
]

[package.dependencies]
google-auth = ">=2.14.1,<3.0.0dev"
googleapis-common-protos = ">=1.62.0"
grpcio = ">=1.59.0"
grpcio-status = ">=1.59.0"
proto-plus = ">=1.22.3,<2.0.0dev"
protobuf = ">=4.25.3,<6.0.0dev"
requests = ">=2.18.0,<3.0.0dev"

[[package]]
name = "google-auth"
version = "2.40.3"
description = "Google Authentication Library"
category = "main"
optional = false
python-versions = ">=3.8"
files = [
    {file = "google_auth-2.40.3-py2.py3-none-any.whl", hash = "sha256:4d60e6ef581f18579488d374467c69da979720b78c1c505b38d7211516e537e5"},
    {file = "google_auth-2.40.3.tar.gz", hash = "sha256:d9b23610931562b5d012423c3167b5e4dd2d346ff1fe41f2378f4a180376d8b0"},
]

[package.dependencies]
cachetools = ">=2.0.0,<6.0"
pyasn1-modules = ">=0.2.1"
rsa = ">=3.1.4,<5"

[package.extras]
enterprise-cert = ["google-auth-enterprise-cert (>=1.0.0)"]
pyopenssl = ["pyopenssl (>=20.0.0)"]

[[package]]
name = "google-generativeai"
version = "0.10.0"
description = "Google Generative AI SDK for Python"
category = "main"
optional = false
python-versions = ">=3.9"
files = [
    {file = "google_generativeai-0.10.0-py3-none-any.whl", hash = "sha256:c72c83ff10cd13f411e7417e2ff507ac8b5ed5106e2edc413e11f0c239d5c80e"},
    {file = "google-generativeai-0.10.0.tar.gz", hash = "sha256:0d694508605510633b47936a237351608620b7d34196ddc8441112b32525381a"},
]

[package.dependencies]
google-ai-generativelanguage = ">=0.6.4"
google-api-core = ">=2.15.0"
google-auth = ">=2.15.0"
pillow = "*"
protobuf = ">=3.19.5"
tqdm = ">=4.66.0"

[[package]]
name = "googleapis-common-protos"
version = "1.70.0"
description = "Common protobufs used in Google APIs"
category = "main"
optional = false
python-versions = ">=3.8"
files = [
    {file = "googleapis_common_protos-1.70.0-py2.py3-none-any.whl", hash = "sha256:1a8470a1e05d9c22e4ec1505c830e0176d6c6241b37f48f2195dfb8873091932"},
    {file = "googleapis-common-protos-1.70.0.tar.gz", hash = "sha256:d8c439167b93a02737c34d40b4843b0d4c94b79b94095400d72379edba859d57"},
]

[package.dependencies]
protobuf = ">=4.25.3,<6.0.0dev"

[[package]]
name = "greenlet"
version = "3.2.3"
description = "Lightweight in-process concurrent programming"
category = "main"
optional = false
python-versions = ">=3.8"
files = [
    {file = "greenlet-3.2.3-cp311-cp311-win_amd64.whl", hash = "sha256:2d184768ebf63b6522c070c7cb934d455c1b50426c117e3f8a0022359aa4b706"},
    {file = "greenlet-3.2.3.tar.gz", hash = "sha256:0c160c1d68a983196c34f553f1d3c0543666244fef8e7274092b1a8d0113f0a5"},
]

[[package]]
name = "grpcio"
version = "1.73.1"
description = "HTTP/2-based RPC framework"
category = "main"
optional = false
python-versions = ">=3.8"
files = [
    {file = "grpcio-1.73.1-cp311-cp311-win_amd64.whl", hash = "sha256:3266e741c4125d082b27b3d9d30ca5df8ebf2390f7a7505ed3953e506cd0a38b"},
    {file = "grpcio-1.73.1.tar.gz", hash = "sha256:0c2eb6117bdc039322301134a415a9990bd339b1a5e182d33486c43315570081"},
]

[package.dependencies]
grpcio-status = ">=1.33.2"
typing-extensions = ">=4.5.0"

[package.extras]
gevent = ["gevent (>=1.3.6)"]
protobuf = ["protobuf (>=4.21.6)"]
reflection = ["protobuf (>=4.21.6)"]
zlib = []

[[package]]
name = "grpcio-status"
version = "1.73.1"
description = "Status proto mapping for gRPC"
category = "main"
optional = false
python-versions = ">=3.8"
files = [
    {file = "grpcio_status-1.73.1-py3-none-any.whl", hash = "sha256:8b091f86950785f7e71337482390a36e053a479ff4b58b4ba520556f082e057f"},
    {file = "grpcio-status-1.73.1.tar.gz", hash = "sha256:d9b23b376269202ed7ce3f5a0ac20fce8bcf8da4f4a383f9828d11e8605330a8"},
]

[package.dependencies]
grpcio = ">=1.62.0"

[[package]]
name = "h11"
version = "0.16.0"
description = "A pure-Python, bring-your-own-I/O implementation of HTTP/1.1"
category = "main"
optional = false
python-versions = ">=3.8"
files = [
    {file = "h11-0.16.0-py3-none-any.whl", hash = "sha256:083c271bf12818c322b7245749f76a591e1d2c67cf775317e828784a0c8b6a3b"},
    {file = "h11-0.16.0.tar.gz", hash = "sha256:0e81c1c1fcc3430489b0365769741e5e54d3d0f0c9772c69d0d34199c8f921d7"},
]

[package.dependencies]
typing-extensions = {version = ">=4.7.0", python = "<3.11"}

[[package]]
name = "httpcore"
version = "1.0.9"
description = "A minimal low-level HTTP client."
category = "main"
optional = false
python-versions = ">=3.8"
files = [
    {file = "httpcore-1.0.9-py3-none-any.whl", hash = "sha256:12e75344383c5095d989f2a3250493822187f54316d80ab543c5b55ada9a86b3"},
    {file = "httpcore-1.0.9.tar.gz", hash = "sha256:ec949ad5f2f458e0ac8e681c22146f34533031023b1238699479b18751515286"},
]

[package.dependencies]
anyio = ">=4.4.0"
h11 = ">=0.16"
sniffio = ">=1.3"

[package.extras]
brotli = ["brotli (>=1.1.0)"]
http2 = ["h2 (>=4, <5)"]
socks = ["pysocks (>=1.7.1)"]

[[package]]
name = "httpx"
version = "0.28.1"
description = "A next-generation HTTP client for Python. 🦋"
category = "main"
optional = false
python-versions = ">=3.8"
files = [
    {file = "httpx-0.28.1-py3-none-any.whl", hash = "sha256:923c8a9019da8e86095034c26422b4074219198305c6d37537b2d5d85fe66348"},
    {file = "httpx-0.28.1.tar.gz", hash = "sha256:887ff2e7a0980c98f98d002f23b207a979603e87c0507204f67c6999b82143b1"},
]

[package.dependencies]
anyio = "*"
certifi = "*"
httpcore = "==1.*"
idna = "*"

[package.extras]
brotli = ["brotli (>=1.1.0)"]
http2 = ["h2 (>=4, <5)"]
socks = ["pysocks (>=1.7.1,<2.0)"]

[[package]]
name = "idna"
version = "3.10"
description = "Internationalized Domain Names in Applications (IDNA)"
category = "main"
optional = false
python-versions = ">=3.5"
files = [
    {file = "idna-3.10-py3-none-any.whl", hash = "sha256:e6b62886f688e404b0870f2f3e839e5518b2c45e85c97cb8a379560f78c8e1a7"},
    {file = "idna-3.10.tar.gz", hash = "sha256:56b3e9e1c142c1303cefc60e9d6d45e54807469147e62a053c8c7280e0c03c53"},
]

[[package]]
name = "lxml"
version = "6.0.0"
description = "Powerful and Pythonic XML processing library combining libxml2/libxslt with the ElementTree API."
category = "main"
optional = false
python-versions = ">=3.8"
files = [
    {file = "lxml-6.0.0-cp311-cp311-win_amd64.whl", hash = "sha256:1a8435d677d22ed8c1d56e9c42661c9441113840e6c6e1e77f022bd51bde4418"},
    {file = "lxml-6.0.0.tar.gz", hash = "sha256:1ac54b8e62d4e7d825dd8b6d3967d020d5c4125f4481079541a052e46b0485a3"},
]

[[package]]
name = "pdfminer-six"
version = "20250506"
description = "PDF parser and analyser."
category = "main"
optional = false
python-versions = ">=3.8"
files = [
    {file = "pdfminer.six-20250506-py3-none-any.whl", hash = "sha256:695de937220311756593539097e0344b9340e4f884f183709b19dfb4f3b7f14b"},
    {file = "pdfminer.six-20250506.tar.gz", hash = "sha256:0d540203f1b504a7428416d2673d325a74e4604a1127022e389b0274187e14d1"},
]

[package.dependencies]
charset-normalizer = ">=3.0.0"
cryptography = ">=3.4.0"

[[package]]
name = "pillow"
version = "10.6.0"
description = "Python Imaging Library (Fork)"
category = "main"
optional = false
python-versions = ">=3.8"
files = [
    {file = "pillow-10.6.0-cp311-cp311-win_amd64.whl", hash = "sha256:a6b63750d40220c459f7c46f610e7e163b4f62b08d4fc9f69742095f68b251f2"},
    {file = "Pillow-10.6.0.tar.gz", hash = "sha256:dd12d334542d7658c49e1e2d1d365a6e8b248a39a75d506a77d13b3e34320957"},
]

[[package]]
name = "primp"
version = "0.15.0"
description = "A simple CLI color printer"
category = "main"
optional = false
python-versions = ">=3.7"
files = [
    {file = "primp-0.15.0-py3-none-any.whl", hash = "sha256:c099308616223e7fceb539c362145e3ed5d1f1481e84605929b350f55b1167b2"},
    {file = "primp-0.15.0.tar.gz", hash = "sha256:0839e4a3ab0b9875f5b61e0bb5079a4a7538c6451e0186196237dd8e88e89578"},
]

[package.dependencies]
colorama = ">=0.4.6"

[[package]]
name = "proto-plus"
version = "1.26.1"
description = "Beautiful, Pythonic protocol buffers."
category = "main"
optional = false
python-versions = ">=3.8"
files = [
    {file = "proto_plus-1.26.1-py3-none-any.whl", hash = "sha256:b1d92364c67672227d825f3c5d63f03a6211d12d091a134d1fa3d15907481c81"},
    {file = "proto-plus-1.26.1.tar.gz", hash = "sha256:88383c0780447330541d40c0344d5c80eb3c42e205ab03a890787e740d21a20c"},
]

[package.dependencies]
protobuf = ">=3.19.0"

[[package]]
name = "protobuf"
version = "4.25.3"
description = "Protocol Buffers"
category = "main"
optional = false
python-versions = ">=3.8"
files = [
    {file = "protobuf-4.25.3-cp311-cp311-win_amd64.whl", hash = "sha256:9c9735d481617498c8e19a4b595213b28b7e2d93b93444ea09a3410526e0e676"},
    {file = "protobuf-4.25.3.tar.gz", hash = "sha256:d71391d4d3859663f7397b97c0c1a2d5301880f555e7178007a828972b9a71a9"},
]

[[package]]
name = "psycopg2-binary"
version = "2.9.10"
description = "psycopg2 - Python-PostgreSQL Database Adapter"
category = "main"
optional = false
python-versions = ">=3.7"
files = [
    {file = "psycopg2_binary-2.9.10-cp311-cp311-win_amd64.whl", hash = "sha256:a6a4387d896472d2427f7a731d560c55f1f0a14216715f57dd21b6d17b4c803f"},
    {file = "psycopg2-binary-2.9.10.tar.gz", hash = "sha256:de2e7c4f440e1d51a6657e0e7a272a2e414c71887010f3c5a743126f555f9f30"},
]

[[package]]
name = "pyasn1"
version = "0.6.1"
description = "ASN.1 types and codecs"
category = "main"
optional = false
python-versions = ">=3.8"
files = [
    {file = "pyasn1-0.6.1-py2.py3-none-any.whl", hash = "sha256:6e18442a845184a14150a0b6339074f37803e49cc398c39e0344b584a7e94e43"},
    {file = "pyasn1-0.6.1.tar.gz", hash = "sha256:f1241a77e5e11ae92ac19af5b0b2e84d6919e900593b484524c52dfd37e5e744"},
]

[[package]]
name = "pyasn1-modules"
version = "0.4.2"
description = "A collection of ASN.1-based protocols modules."
category = "main"
optional = false
python-versions = ">=3.8"
files = [
    {file = "pyasn1_modules-0.4.2-py2.py3-none-any.whl", hash = "sha256:91d5757099e05f6e804f32997d9539d09c313271169722b5126815456f5a34a8"},
    {file = "pyasn1_modules-0.4.2.tar.gz", hash = "sha256:a2153c3e80df965427c191a298e357906d4e21a2e724d166ac788a08693c0919"},
]

[package.dependencies]
pyasn1 = ">=0.4.6,<1.0.0"

[[package]]
name = "pycparser"
version = "2.22"
description = "C parser in Python"
category = "main"
optional = false
python-versions = ">=3.6"
files = [
    {file = "pycparser-2.22-py3-none-any.whl", hash = "sha256:d8c2c58e085b31952e8055c65f013c8fce2b1c43f32c39d8c0b2c159e663806a"},
    {file = "pycparser-2.22.tar.gz", hash = "sha256:4d498164f0286064041b31a8c51206d4983e29f3453896b0142b78a9c4709d78"},
]

[[package]]
name = "pyproject-hooks"
version = "1.2.0"
description = "A low-level library for calling build-backends in pyproject.toml-based project"
category = "main"
optional = false
python-versions = ">=3.8"
files = [
    {file = "pyproject_hooks-1.2.0-py3-none-any.whl", hash = "sha256:1a877ccf6d54ad2c69b596395b090dd1f25102a0a256952cc975c742c38865c3"},
    {file = "pyproject-hooks-1.2.0.tar.gz", hash = "sha256:911854f59e6e18f2f275e7a93544d6731d773489e24bc306c3741d40212f7188"},
]

[[package]]
name = "python-telegram-bot"
version = "22.1"
description = "We have made you a wrapper you can't refuse"
category = "main"
optional = false
python-versions = ">=3.8"
files = [
    {file = "python_telegram_bot-22.1-py3-none-any.whl", hash = "sha256:97da7e6d97c0f16790a6142c161ab8ec6876c2b184285703f2de0f592ad69399"},
    {file = "python-telegram-bot-22.1.tar.gz", hash = "sha256:39f1e16f5c8858e92330f6a29aa7b3a992e105d15c898c199ac7b8a7c2e0f8f8"},
]

[package.dependencies]
anyio = ">=4.2.0"
httpx = ">=0.27.0"
tornado = ">=6.2"

[package.extras]
constants = ["httpx (>=0.27.0)"]
ext = []
testing = ["pytest (>=7.2.0)", "pytest-asyncio (>=0.21.0)", "pytest-xdist (>=3.1.0)", "pytest-cov (>=4.0.0)", "aiohttp (>=3.8.3)", "numpy (>=1.23.5)", "cryptography (>=38.0.4)"]
webhooks = ["aiohttp (>=3.8.3)"]

[[package]]
name = "pytz"
version = "2025.2"
description = "World timezone definitions, modern and historical"
category = "main"
optional = false
python-versions = "*"
files = [
    {file = "pytz-2025.2-py2.py3-none-any.whl", hash = "sha256:56a7b7a421b53e7d6928e08d66050b16a2416f40aa2463e804f867448202d558"},
    {file = "pytz-2025.2.tar.gz", hash = "sha256:4d6074900c73d2a715d03a118e95c477fa2ac1717ac47ef29e88d0705f247738"},
]

[[package]]
name = "requests"
version = "2.32.4"
description = "Python HTTP for Humans."
category = "main"
optional = false
python-versions = ">=3.8"
files = [
    {file = "requests-2.32.4-py3-none-any.whl", hash = "sha256:332e7290f6b78d21b1473216893e62f835b4b1a41527018d1e1f5923c5e8f495"},
    {file = "requests-2.32.4.tar.gz", hash = "sha256:49c011e40a006b539c32f8373b53f66c91a459312b1c4c1e459995079a29e2c6"},
]

[package.dependencies]
charset-normalizer = ">=2,<4"
idna = ">=2.5,<4"
urllib3 = ">=1.21.1,<3"

[[package]]
name = "rsa"
version = "4.9"
description = "Pure-Python RSA implementation"
category = "main"
optional = false
python-versions = ">=3.6"
files = [
    {file = "rsa-4.9-py3-none-any.whl", hash = "sha256:a63ebb879435552b73b5f939e6027a08e178122d25d194723157e19b88e0018d"},
    {file = "rsa-4.9.tar.gz", hash = "sha256:c233ee18e980a3733077e68c9918804705573426d4ac906b3a04297a7ea28b6d"},
]

[package.dependencies]
pyasn1 = ">=0.1.3"

[[package]]
name = "sniffio"
version = "1.3.1"
description = "Sniff out which async library your code is running under"
category = "main"
optional = false
python-versions = ">=3.7"
files = [
    {file = "sniffio-1.3.1-py3-none-any.whl", hash = "sha256:95adc8e7a83f121af396265775330a84e60656a31f72a44d8c7634285b002495"},
    {file = "sniffio-1.3.1.tar.gz", hash = "sha256:69575e60805c8cd2a738671408a287b415e61d56303f2694b29f071477174677"},
]

[[package]]
name = "soupsieve"
version = "2.7"
description = "A modern CSS selector implementation for Beautiful Soup."
category = "main"
optional = false
python-versions = ">=3.8"
files = [
    {file = "soupsieve-2.7-py3-none-any.whl", hash = "sha256:663f9da372d80d28712396e95268c1483dc284c8a32a68894452044813fdcb2c"},
    {file = "soupsieve-2.7.tar.gz", hash = "sha256:889073e2003d15b138e4df45b23d9a930101b0b00517865768e7e1f744e45d9e"},
]

[[package]]
name = "sqlalchemy"
version = "2.0.41"
description = "Database Abstraction Library"
category = "main"
optional = false
python-versions = ">=3.8"
files = [
    {file = "SQLAlchemy-2.0.41-cp311-cp311-win_amd64.whl", hash = "sha256:a5b4869c968f9b9d3e8e1694f27d498ba46f7f4577f8841a0bc9e44d5c192d77"},
    {file = "SQLAlchemy-2.0.41.tar.gz", hash = "sha256:e76f571b072674e2a874b37012678822003c20c0de945d8aa6063b4f97116743"},
]

[package.dependencies]
greenlet = {version = "!=1.1.0,!=1.1.1", markers = "platform_python_implementation == 'CPython'"}
typing-extensions = ">=4.6.0"

[[package]]
name = "tqdm"
version = "4.67.1"
description = "Fast, Extensible Progress Meter"
category = "main"
optional = false
python-versions = ">=3.7"
files = [
    {file = "tqdm-4.67.1-py3-none-any.whl", hash = "sha256:0d9e504ea8926a978f44d8b671f61805b565a07c394c8b67776104443a6d7f02"},
    {file = "tqdm-4.67.1.tar.gz", hash = "sha256:1a84b5c7117d3b0c538dd336cd164e29b46e30b147aec03c800889c250523e41"},
]

[package.dependencies]
colorama = {version = "*", markers = "platform_system == 'Windows'"}

[package.extras]
async = []
rich = ["rich (>=10.2.2)"]
test = ["pytest", "dill (>=0.3.1)", "flake8", "isort", "pandas"]

[[package]]
name = "tornado"
version = "6.5.1"
description = "Tornado is a Python web framework and asynchronous networking library, originally developed at FriendFeed."
category = "main"
optional = false
python-versions = ">=3.8"
files = [
    {file = "tornado-6.5.1-cp38-abi3-win_amd64.whl", hash = "sha256:94dfd132649b55519cc9f3a61f5f2479e0a05a81a440e2d42a96324021287413"},
    {file = "tornado-6.5.1.tar.gz", hash = "sha256:ac865324317188701920803c4c9b9ef56b579133a8c7159c771761667b366224"},
]

[[package]]
name = "typing-extensions"
version = "4.14.0"
description = "Backported and Experimental Type Hints for Python 3.8+"
category = "main"
optional = false
python-versions = ">=3.8"
files = [
    {file = "typing_extensions-4.14.0-py3-none-any.whl", hash = "sha256:3a6a439c29367c3374244793f774e1d15c742886f4460f994961556a31c6990c"},
    {file = "typing_extensions-4.14.0.tar.gz", hash = "sha256:d6b46183d254b039366114c57717469e38e6e5cb2d1929e06173a14605175955"},
]

[[package]]
name = "urllib3"
version = "2.5.0"
description = "HTTP library with thread-safe connection pooling, file post, and more."
category = "main"
optional = false
python-versions = ">=3.8"
files = [
    {file = "urllib3-2.5.0-py3-none-any.whl", hash = "sha256:ab555513ab41f92e2124f92c1995a5f18bfcb3f7363f8216c59a3c9b8f36c568"},
    {file = "urllib3-2.5.0.tar.gz", hash = "sha256:4ca2f3c0975e5b0b2e353273e047ce562f79031c26c80228801d36d4187f54b6"},
]

[package.extras]
brotli = ["brotli (>=1.0.9)"]
secure = ["certifi", "cryptography (>=1.3.4)", "idna (>=2.0.0)", "pyopenssl (>=16.0.0)"]
socks = ["pysocks (>=1.5.6,<2.0,!=1.5.7)"]

[[package]]
name = "youtube-transcript-api"
version = "1.1.0"
description = "An unofficial python API for retrieving transcripts from YouTube videos."
category = "main"
optional = false
python-versions = ">=3.8,<3.14"
files = [
    {file = "youtube_transcript_api-1.1.0-py3-none-any.whl", hash = "sha256:0d52b921319c5c7d0d04acb688321045239a2f6048d0a3d4f8da35c43d20bd17"},
    {file = "youtube-transcript-api-1.1.0.tar.gz", hash = "sha256:04f378a5e01f560e9d6d7ac570c97728b939a0670d8a5de2b217a9e3a62886c5"},
]

[package.dependencies]
defusedxml = ">=0.7.1,<1.0.0"
requests = ">=2.25.1,<3.0.0"

[metadata]
lock-version = "2.0"
python-versions = ">=3.11.9,<3.12"
content-hash = "e967a54460c35489f30b91e9f16d56d773dd199c0a68d044cd7e31b87a89e900"

[metadata.files]
anyio = [
    {file = "anyio-4.9.0-py3-none-any.whl", hash = "sha256:d8c67f53a4e4024c0428d0111559810842735748a27797745778a488c9fef9aa"},
    {file = "anyio-4.9.0.tar.gz", hash = "sha256:32665a6d59e355c7a4059d615c8c6c97b8303f268b3504443916949021c17290"},
]
beautifulsoup4 = [
    {file = "beautifulsoup4-4.13.4-py3-none-any.whl", hash = "sha256:1270d44e39ff84242687071efc565d7e5d8a8e104118a28bc035e5898858e920"},
    {file = "beautifulsoup4-4.13.4.tar.gz", hash = "sha256:479374092243d54c1f6c4667d4f3b11e2f397f287a9d3a778b408892120e2e9c"},
]
build = [
    {file = "build-1.2.2.post1-py3-none-any.whl", hash = "sha256:0d9d437439369971932c02ac162e08e33282245b7367e91d84f23b24f5a2f5f1"},
    {file = "build-1.2.2.post1.tar.gz", hash = "sha256:59cc6edca4b96791d2932a3d0f00f075d9e5bd6f32e65d8364e569201a403d15"},
]
certifi = [
    {file = "certifi-2025.6.15-py3-none-any.whl", hash = "sha256:5e662762cc7e6e5894101ccb2f63f5339f257d0792efc6f37622d1c5d9a5b51c"},
    {file = "certifi-2025.6.15.tar.gz", hash = "sha256:739679e5f73d4c38210350486b72ab9d7221319200f6ed9344158428615b3c37"},
]
cffi = [
    {file = "cffi-1.17.1-cp311-cp311-win_amd64.whl", hash = "sha256:da4c58f00d235c59f0f952f4477c44422e11a129ef6639c043e743779261a293"},
    {file = "cffi-1.17.1.tar.gz", hash = "sha256:49c0067c29367201e712a1f13b5d2b77a06674a2f260341777d13f99e2f9d33b"},
]
charset-normalizer = [
    {file = "charset_normalizer-3.4.2-cp311-cp311-win_amd64.whl", hash = "sha256:88939c063ee764834e356891ed1893c8340798e3b1c1e54e4f7380e07173b9e5"},
    {file = "charset_normalizer-3.4.2.tar.gz", hash = "sha256:456c6a7a72382c5896ff0f81d11394c502b545d2e096fc713d317585bf27693d"},
]
click = [
    {file = "click-8.2.1-py3-none-any.whl", hash = "sha256:f722361661d765b2f279f06dd1a591e1f75508a8e3292437340e4f2e7188b0a9"},
    {file = "click-8.2.1.tar.gz", hash = "sha256:1904e53e41c463f282422c53b21855a9094042453c9f280e2277ec81240c9462"},
]
colorama = [
    {file = "colorama-0.4.6-py2.py3-none-any.whl", hash = "sha256:9242555a6d3f5726a117b3852e9de2b5f0d3b6647ad2f269417834571060dce5"},
    {file = "colorama-0.4.6.tar.gz", hash = "sha256:4f3b4611d2170327781163462f4e05b5523a24683526085a676c8e3100657e2d"},
]
cryptography = [
    {file = "cryptography-45.0.4-cp311-cp311-win_amd64.whl", hash = "sha256:5424748de74850c950d876a3804be8515c1064299b50e335b1285098ffb19b60"},
    {file = "cryptography-45.0.4.tar.gz", hash = "sha256:8832a897e93f773641b089c8a945d8b2e31d33198083a21683411b055964f40f"},
]
defusedxml = [
    {file = "defusedxml-0.7.1-py2.py3-none-any.whl", hash = "sha256:33e61414e369d76c6c73243169382f6f41e57c8651817478d10ba8e7f4c56852"},
    {file = "defusedxml-0.7.1.tar.gz", hash = "sha256:21b06c24395e8659102b5e2840004900a359b3defusedx-22e72f10b8aa754407ba"},
]
duckduckgo-search = [
    {file = "duckduckgo_search-8.0.4-py3-none-any.whl", hash = "sha256:a4ed5e6488d92976ed8a956d6a2a0d01fcf61f365dfd1a1081525c3459c3a633"},
    {file = "duckduckgo_search-8.0.4.tar.gz", hash = "sha256:0d53c6d59580a65191e3e57f12e8b2b64b1d6f1c4e712a7a40b8a09f8992c906"},
]
google-api-core = [
    {file = "google_api_core-2.25.1-py3-none-any.whl", hash = "sha256:0cd1e699b646c2d11311026027a42167d4a66e6c2712953257c7d45763a8d9b1"},
    {file = "google_api_core-2.25.1.tar.gz", hash = "sha256:9118741369527e7d69d4d80a15320ce13426742512140a793a8d4624b51a0279"},
]
google-auth = [
    {file = "google_auth-2.40.3-py2.py3-none-any.whl", hash = "sha256:4d60e6ef581f18579488d374467c69da979720b78c1c505b38d7211516e537e5"},
    {file = "google_auth-2.40.3.tar.gz", hash = "sha256:d9b23610931562b5d012423c3167b5e4dd2d346ff1fe41f2378f4a180376d8b0"},
]
google-generativeai = [
    {file = "google_generativeai-0.10.0-py3-none-any.whl", hash = "sha256:c72c83ff10cd13f411e7417e2ff507ac8b5ed5106e2edc413e11f0c239d5c80e"},
    {file = "google-generativeai-0.10.0.tar.gz", hash = "sha256:0d694508605510633b47936a237351608620b7d34196ddc8441112b32525381a"},
]
googleapis-common-protos = [
    {file = "googleapis_common_protos-1.70.0-py2.py3-none-any.whl", hash = "sha256:1a8470a1e05d9c22e4ec1505c830e0176d6c6241b37f48f2195dfb8873091932"},
    {file = "googleapis-common-protos-1.70.0.tar.gz", hash = "sha256:d8c439167b93a02737c34d40b4843b0d4c94b79b94095400d72379edba859d57"},
]
greenlet = [
    {file = "greenlet-3.2.3-cp311-cp311-win_amd64.whl", hash = "sha256:2d184768ebf63b6522c070c7cb934d455c1b50426c117e3f8a0022359aa4b706"},
    {file = "greenlet-3.2.3.tar.gz", hash = "sha256:0c160c1d68a983196c34f553f1d3c0543666244fef8e7274092b1a8d0113f0a5"},
]
grpcio = [
    {file = "grpcio-1.73.1-cp311-cp311-win_amd64.whl", hash = "sha256:3266e741c4125d082b27b3d9d30ca5df8ebf2390f7a7505ed3953e506cd0a38b"},
    {file = "grpcio-1.73.1.tar.gz", hash = "sha256:0c2eb6117bdc039322301134a415a9990bd339b1a5e182d33486c43315570081"},
]
grpcio-status = [
    {file = "grpcio_status-1.73.1-py3-none-any.whl", hash = "sha256:8b091f86950785f7e71337482390a36e053a479ff4b58b4ba520556f082e057f"},
    {file = "grpcio-status-1.73.1.tar.gz", hash = "sha256:d9b23b376269202ed7ce3f5a0ac20fce8bcf8da4f4a383f9828d11e8605330a8"},
]
h11 = [
    {file = "h11-0.16.0-py3-none-any.whl", hash = "sha256:083c271bf12818c322b7245749f76a591e1d2c67cf775317e828784a0c8b6a3b"},
    {file = "h11-0.16.0.tar.gz", hash = "sha256:0e81c1c1fcc3430489b0365769741e5e54d3d0f0c9772c69d0d34199c8f921d7"},
]
httpcore = [
    {file = "httpcore-1.0.9-py3-none-any.whl", hash = "sha256:12e75344383c5095d989f2a3250493822187f54316d80ab543c5b55ada9a86b3"},
    {file = "httpcore-1.0.9.tar.gz", hash = "sha256:ec949ad5f2f458e0ac8e681c22146f34533031023b1238699479b18751515286"},
]
httpx = [
    {file = "httpx-0.28.1-py3-none-any.whl", hash = "sha256:923c8a9019da8e86095034c26422b4074219198305c6d37537b2d5d85fe66348"},
    {file = "httpx-0.28.1.tar.gz", hash = "sha256:887ff2e7a0980c98f98d002f23b207a979603e87c0507204f67c6999b82143b1"},
]
idna = [
    {file = "idna-3.10-py3-none-any.whl", hash = "sha256:e6b62886f688e404b0870f2f3e839e5518b2c45e85c97cb8a379560f78c8e1a7"},
    {file = "idna-3.10.tar.gz", hash = "sha256:56b3e9e1c142c1303cefc60e9d6d45e54807469147e62a053c8c7280e0c03c53"},
]
lxml = [
    {file = "lxml-6.0.0-cp311-cp311-win_amd64.whl", hash = "sha256:1a8435d677d22ed8c1d56e9c42661c9441113840e6c6e1e77f022bd51bde4418"},
    {file = "lxml-6.0.0.tar.gz", hash = "sha256:1ac54b8e62d4e7d825dd8b6d3967d020d5c4125f4481079541a052e46b0485a3"},
]
pdfminer-six = [
    {file = "pdfminer.six-20250506-py3-none-any.whl", hash = "sha256:695de937220311756593539097e0344b9340e4f884f183709b19dfb4f3b7f14b"},
    {file = "pdfminer.six-20250506.tar.gz", hash = "sha256:0d540203f1b504a7428416d2673d325a74e4604a1127022e389b0274187e14d1"},
]
pillow = [
    {file = "pillow-10.6.0-cp311-cp311-win_amd64.whl", hash = "sha256:a6b63750d40220c459f7c46f610e7e163b4f62b08d4fc9f69742095f68b251f2"},
    {file = "Pillow-10.6.0.tar.gz", hash = "sha256:dd12d334542d7658c49e1e2d1d365a6e8b248a39a75d506a77d13b3e34320957"},
]
primp = [
    {file = "primp-0.15.0-py3-none-any.whl", hash = "sha256:c099308616223e7fceb539c362145e3ed5d1f1481e84605929b350f55b1167b2"},
    {file = "primp-0.15.0.tar.gz", hash = "sha256:0839e4a3ab0b9875f5b61e0bb5079a4a7538c6451e0186196237dd8e88e89578"},
]
proto-plus = [
    {file = "proto_plus-1.26.1-py3-none-any.whl", hash = "sha256:b1d92364c67672227d825f3c5d63f03a6211d12d091a134d1fa3d15907481c81"},
    {file = "proto-plus-1.26.1.tar.gz", hash = "sha256:88383c0780447330541d40c0344d5c80eb3c42e205ab03a890787e740d21a20c"},
]
protobuf = [
    {file = "protobuf-4.25.3-cp311-cp311-win_amd64.whl", hash = "sha256:9c9735d481617498c8e19a4b595213b28b7e2d93b93444ea09a3410526e0e676"},
    {file = "protobuf-4.25.3.tar.gz", hash = "sha256:d71391d4d3859663f7397b97c0c1a2d5301880f555e7178007a828972b9a71a9"},
]
psycopg2-binary = [
    {file = "psycopg2_binary-2.9.10-cp311-cp311-win_amd64.whl", hash = "sha256:a6a4387d896472d2427f7a731d560c55f1f0a14216715f57dd21b6d17b4c803f"},
    {file = "psycopg2-binary-2.9.10.tar.gz", hash = "sha256:de2e7c4f440e1d51a6657e0e7a272a2e414c71887010f3c5a743126f555f9f30"},
]
pyasn1 = [
    {file = "pyasn1-0.6.1-py2.py3-none-any.whl", hash = "sha256:6e18442a845184a14150a0b6339074f37803e49cc398c39e0344b584a7e94e43"},
    {file = "pyasn1-0.6.1.tar.gz", hash = "sha256:f1241a77e5e11ae92ac19af5b0b2e84d6919e900593b484524c52dfd37e5e744"},
]
pyasn1-modules = [
    {file = "pyasn1_modules-0.4.2-py2.py3-none-any.whl", hash = "sha256:91d5757099e05f6e804f32997d9539d09c313271169722b5126815456f5a34a8"},
    {file = "pyasn1_modules-0.4.2.tar.gz", hash = "sha256:a2153c3e80df965427c191a298e357906d4e21a2e724d166ac788a08693c0919"},
]
pycparser = [
    {file = "pycparser-2.22-py3-none-any.whl", hash = "sha256:d8c2c58e085b31952e8055c65f013c8fce2b1c43f32c39d8c0b2c159e663806a"},
    {file = "pycparser-2.22.tar.gz", hash = "sha256:4d498164f0286064041b31a8c51206d4983e29f3453896b0142b78a9c4709d78"},
]
pyproject-hooks = [
    {file = "pyproject_hooks-1.2.0-py3-none-any.whl", hash = "sha256:1a877ccf6d54ad2c69b596395b090dd1f25102a0a256952cc975c742c38865c3"},
    {file = "pyproject-hooks-1.2.0.tar.gz", hash = "sha256:911854f59e6e18f2f275e7a93544d6731d773489e24bc306c3741d40212f7188"},
]
python-telegram-bot = [
    {file = "python_telegram_bot-22.1-py3-none-any.whl", hash = "sha256:97da7e6d97c0f16790a6142c161ab8ec6876c2b184285703f2de0f592ad69399"},
    {file = "python-telegram-bot-22.1.tar.gz", hash = "sha256:39f1e16f5c8858e92330f6a29aa7b3a992e105d15c898c199ac7b8a7c2e0f8f8"},
]
pytz = [
    {file = "pytz-2025.2-py2.py3-none-any.whl", hash = "sha256:56a7b7a421b53e7d6928e08d66050b16a2416f40aa2463e804f867448202d558"},
    {file = "pytz-2025.2.tar.gz", hash = "sha256:4d6074900c73d2a715d03a118e95c477fa2ac1717ac47ef29e88d0705f247738"},
]
requests = [
    {file = "requests-2.32.4-py3-none-any.whl", hash = "sha256:332e7290f6b78d21b1473216893e62f835b4b1a41527018d1e1f5923c5e8f495"},
    {file = "requests-2.32.4.tar.gz", hash = "sha256:49c011e40a006b539c32f8373b53f66c91a459312b1c4c1e459995079a29e2c6"},
]
rsa = [
    {file = "rsa-4.9-py3-none-any.whl", hash = "sha256:a63ebb879435552b73b5f939e6027a08e178122d25d194723157e19b88e0018d"},
    {file = "rsa-4.9.tar.gz", hash = "sha256:c233ee18e980a3733077e68c9918804705573426d4ac906b3a04297a7ea28b6d"},
]
sniffio = [
    {file = "sniffio-1.3.1-py3-none-any.whl", hash = "sha256:95adc8e7a83f121af396265775330a84e60656a31f72a44d8c7634285b002495"},
    {file = "sniffio-1.3.1.tar.gz", hash = "sha256:69575e60805c8cd2a738671408a287b415e61d56303f2694b29f071477174677"},
]
soupsieve = [
    {file = "soupsieve-2.7-py3-none-any.whl", hash = "sha256:663f9da372d80d28712396e95268c1483dc284c8a32a68894452044813fdcb2c"},
    {file = "soupsieve-2.7.tar.gz", hash = "sha256:889073e2003d15b138e4df45b23d9a930101b0b00517865768e7e1f744e45d9e"},
]
sqlalchemy = [
    {file = "SQLAlchemy-2.0.41-cp311-cp311-win_amd64.whl", hash = "sha256:a5b4869c968f9b9d3e8e1694f27d498ba46f7f4577f8841a0bc9e44d5c192d77"},
    {file = "SQLAlchemy-2.0.41.tar.gz", hash = "sha256:e76f571b072674e2a874b37012678822003c20c0de945d8aa6063b4f97116743"},
]
tqdm = [
    {file = "tqdm-4.67.1-py3-none-any.whl", hash = "sha256:0d9e504ea8926a978f44d8b671f61805b565a07c394c8b67776104443a6d7f02"},
    {file = "tqdm-4.67.1.tar.gz", hash = "sha256:1a84b5c7117d3b0c538dd336cd164e29b46e30b147aec03c800889c250523e41"},
]
tornado = [
    {file = "tornado-6.5.1-cp38-abi3-win_amd64.whl", hash = "sha256:94dfd132649b55519cc9f3a61f5f2479e0a05a81a440e2d42a96324021287413"},
    {file = "tornado-6.5.1.tar.gz", hash = "sha256:ac865324317188701920803c4c9b9ef56b579133a8c7159c771761667b366224"},
]
typing-extensions = [
    {file = "typing_extensions-4.14.0-py3-none-any.whl", hash = "sha256:3a6a439c29367c3374244793f774e1d15c742886f4460f994961556a31c6990c"},
    {file = "typing_extensions-4.14.0.tar.gz", hash = "sha256:d6b46183d254b039366114c57717469e38e6e5cb2d1929e06173a14605175955"},
]
urllib3 = [
    {file = "urllib3-2.5.0-py3-none-any.whl", hash = "sha256:ab555513ab41f92e2124f92c1995a5f18bfcb3f7363f8216c59a3c9b8f36c568"},
    {file = "urllib3-2.5.0.tar.gz", hash = "sha256:4ca2f3c0975e5b0b2e353273e047ce562f79031c26c80228801d36d4187f54b6"},
]
youtube-transcript-api = [
    {file = "youtube_transcript_api-1.1.0-py3-none-any.whl", hash = "sha256:0d52b921319c5c7d0d04acb688321045239a2f6048d0a3d4f8da35c43d20bd17"},
    {file = "youtube_transcript_api-1.1.0.tar.gz", hash = "sha256:04f378a5e01f560e9d6d7ac570c97728b939a0670d8a5de2b217a9e3a62886c5"},
]